<Solution>
  <Project Path="CKN.Sdk.AI/CKN.Sdk.AI.csproj" />
  <Project Path="CKN.Sdk.Core/CKN.Sdk.Core.csproj" />
  <Project Path="CKN.Sdk.EntityFramework/CKN.Sdk.EntityFramework.csproj" />
  <Project Path="CKN.Sdk.Infrastructure/CKN.Sdk.Infrastructure.csproj" />
  <Project Path="CKN.Sdk.MassTransit/CKN.Sdk.MassTransit.csproj" />
  <Project Path="CKN.Sdk.Messaging.RabbitMQ/CKN.Sdk.Messaging.RabbitMQ.csproj" />
  <Project Path="CKN.Sdk.Messaging/CKN.Sdk.Messaging.csproj" />
  <Project Path="CKN.Sdk.SourceGenerators/CKN.Sdk.SourceGenerators.csproj" />
  <Project Path="CKN.Sdk.Tests/CKN.Sdk.Tests.csproj" />
</Solution>
