<Solution>
  <Project Path="CKN.Sdk.AI.Anthropic/CKN.Sdk.AI.Anthropic.csproj" />
  <Project Path="CKN.Sdk.AI.OpenAI/CKN.Sdk.AI.OpenAI.csproj" />
  <Project Path="CKN.Sdk.AI/CKN.Sdk.AI.csproj" />
  <Project Path="CKN.Sdk.Caching.Garnet/CKN.Sdk.Caching.Garnet.csproj" />
  <Project Path="CKN.Sdk.Core/CKN.Sdk.Core.csproj" />
  <Project Path="CKN.Sdk.Data.Dapper/CKN.Sdk.Data.Dapper.csproj" />
  <Project Path="CKN.Sdk.EntityFramework/CKN.Sdk.EntityFramework.csproj" />
  <Project Path="CKN.Sdk.Infrastructure/CKN.Sdk.Infrastructure.csproj" />
  <Project Path="CKN.Sdk.MassTransit/CKN.Sdk.MassTransit.csproj" />
  <Project Path="CKN.Sdk.Messaging.Kafka/CKN.Sdk.Messaging.Kafka.csproj" />
  <Project Path="CKN.Sdk.Messaging/CKN.Sdk.Messaging.csproj" />
  <Project Path="CKN.Sdk.SourceGenerators/CKN.Sdk.SourceGenerators.csproj" />
  <Project Path="CKN.Sdk.Tests/CKN.Sdk.Tests.csproj" />
</Solution>
